// !$*UTF8*$!
{
	archiveVersion = 1;
	classes = {
	};
	objectVersion = 56;
	objects = {

/* Begin PBXBuildFile section */
		CAF6F0482A40C0EA00AC98BB /* AppDelegate.swift in Sources */ = {isa = PBXBuildFile; fileRef = CAF6F0472A40C0EA00AC98BB /* AppDelegate.swift */; };
		CAF6F04A2A40C0EA00AC98BB /* SceneDelegate.swift in Sources */ = {isa = PBXBuildFile; fileRef = CAF6F0492A40C0EA00AC98BB /* SceneDelegate.swift */; };
		CAF6F04C2A40C0EA00AC98BB /* ViewController.swift in Sources */ = {isa = PBXBuildFile; fileRef = CAF6F04B2A40C0EA00AC98BB /* ViewController.swift */; };
		CAF6F04F2A40C0EA00AC98BB /* Main.storyboard in Resources */ = {isa = PBXBuildFile; fileRef = CAF6F04D2A40C0EA00AC98BB /* Main.storyboard */; };
		CAF6F0512A40C0EB00AC98BB /* Assets.xcassets in Resources */ = {isa = PBXBuildFile; fileRef = CAF6F0502A40C0EB00AC98BB /* Assets.xcassets */; };
		CAF6F0542A40C0EB00AC98BB /* LaunchScreen.storyboard in Resources */ = {isa = PBXBuildFile; fileRef = CAF6F0522A40C0EB00AC98BB /* LaunchScreen.storyboard */; };
		CAF6F05F2A40C0EB00AC98BB /* dfdfTests.swift in Sources */ = {isa = PBXBuildFile; fileRef = CAF6F05E2A40C0EB00AC98BB /* dfdfTests.swift */; };
		CAF6F0692A40C0EB00AC98BB /* dfdfUITests.swift in Sources */ = {isa = PBXBuildFile; fileRef = CAF6F0682A40C0EB00AC98BB /* dfdfUITests.swift */; };
		CAF6F06B2A40C0EB00AC98BB /* dfdfUITestsLaunchTests.swift in Sources */ = {isa = PBXBuildFile; fileRef = CAF6F06A2A40C0EB00AC98BB /* dfdfUITestsLaunchTests.swift */; };
/* End PBXBuildFile section */

/* Begin PBXContainerItemProxy section */
		CAF6F05B2A40C0EB00AC98BB /* PBXContainerItemProxy */ = {
			isa = PBXContainerItemProxy;
			containerPortal = CAF6F03C2A40C0EA00AC98BB /* Project object */;
			proxyType = 1;
			remoteGlobalIDString = CAF6F0432A40C0EA00AC98BB;
			remoteInfo = dfdf;
		};
		CAF6F0652A40C0EB00AC98BB /* PBXContainerItemProxy */ = {
			isa = PBXContainerItemProxy;
			containerPortal = CAF6F03C2A40C0EA00AC98BB /* Project object */;
			proxyType = 1;
			remoteGlobalIDString = CAF6F0432A40C0EA00AC98BB;
			remoteInfo = dfdf;
		};
/* End PBXContainerItemProxy section */

/* Begin PBXFileReference section */
		CAF6F0442A40C0EA00AC98BB /* dfdf.app */ = {isa = PBXFileReference; explicitFileType = wrapper.application; includeInIndex = 0; path = dfdf.app; sourceTree = BUILT_PRODUCTS_DIR; };
		CAF6F0472A40C0EA00AC98BB /* AppDelegate.swift */ = {isa = PBXFileReference; lastKnownFileType = sourcecode.swift; path = AppDelegate.swift; sourceTree = "<group>"; };
		CAF6F0492A40C0EA00AC98BB /* SceneDelegate.swift */ = {isa = PBXFileReference; lastKnownFileType = sourcecode.swift; path = SceneDelegate.swift; sourceTree = "<group>"; };
		CAF6F04B2A40C0EA00AC98BB /* ViewController.swift */ = {isa = PBXFileReference; lastKnownFileType = sourcecode.swift; path = ViewController.swift; sourceTree = "<group>"; };
		CAF6F04E2A40C0EA00AC98BB /* Base */ = {isa = PBXFileReference; lastKnownFileType = file.storyboard; name = Base; path = Base.lproj/Main.storyboard; sourceTree = "<group>"; };
		CAF6F0502A40C0EB00AC98BB /* Assets.xcassets */ = {isa = PBXFileReference; lastKnownFileType = folder.assetcatalog; path = Assets.xcassets; sourceTree = "<group>"; };
		CAF6F0532A40C0EB00AC98BB /* Base */ = {isa = PBXFileReference; lastKnownFileType = file.storyboard; name = Base; path = Base.lproj/LaunchScreen.storyboard; sourceTree = "<group>"; };
		CAF6F0552A40C0EB00AC98BB /* Info.plist */ = {isa = PBXFileReference; lastKnownFileType = text.plist.xml; path = Info.plist; sourceTree = "<group>"; };
		CAF6F05A2A40C0EB00AC98BB /* dfdfTests.xctest */ = {isa = PBXFileReference; explicitFileType = wrapper.cfbundle; includeInIndex = 0; path = dfdfTests.xctest; sourceTree = BUILT_PRODUCTS_DIR; };
		CAF6F05E2A40C0EB00AC98BB /* dfdfTests.swift */ = {isa = PBXFileReference; lastKnownFileType = sourcecode.swift; path = dfdfTests.swift; sourceTree = "<group>"; };
		CAF6F0642A40C0EB00AC98BB /* dfdfUITests.xctest */ = {isa = PBXFileReference; explicitFileType = wrapper.cfbundle; includeInIndex = 0; path = dfdfUITests.xctest; sourceTree = BUILT_PRODUCTS_DIR; };
		CAF6F0682A40C0EB00AC98BB /* dfdfUITests.swift */ = {isa = PBXFileReference; lastKnownFileType = sourcecode.swift; path = dfdfUITests.swift; sourceTree = "<group>"; };
		CAF6F06A2A40C0EB00AC98BB /* dfdfUITestsLaunchTests.swift */ = {isa = PBXFileReference; lastKnownFileType = sourcecode.swift; path = dfdfUITestsLaunchTests.swift; sourceTree = "<group>"; };
/* End PBXFileReference section */

/* Begin PBXFrameworksBuildPhase section */
		CAF6F0412A40C0EA00AC98BB /* Frameworks */ = {
			isa = PBXFrameworksBuildPhase;
			buildActionMask = 2147483647;
			files = (
			);
			runOnlyForDeploymentPostprocessing = 0;
		};
		CAF6F0572A40C0EB00AC98BB /* Frameworks */ = {
			isa = PBXFrameworksBuildPhase;
			buildActionMask = 2147483647;
			files = (
			);
			runOnlyForDeploymentPostprocessing = 0;
		};
		CAF6F0612A40C0EB00AC98BB /* Frameworks */ = {
			isa = PBXFrameworksBuildPhase;
			buildActionMask = 2147483647;
			files = (
			);
			runOnlyForDeploymentPostprocessing = 0;
		};
/* End PBXFrameworksBuildPhase section */

/* Begin PBXGroup section */
		CAF6F03B2A40C0EA00AC98BB = {
			isa = PBXGroup;
			children = (
				CAF6F0462A40C0EA00AC98BB /* dfdf */,
				CAF6F05D2A40C0EB00AC98BB /* dfdfTests */,
				CAF6F0672A40C0EB00AC98BB /* dfdfUITests */,
				CAF6F0452A40C0EA00AC98BB /* Products */,
			);
			sourceTree = "<group>";
		};
		CAF6F0452A40C0EA00AC98BB /* Products */ = {
			isa = PBXGroup;
			children = (
				CAF6F0442A40C0EA00AC98BB /* dfdf.app */,
				CAF6F05A2A40C0EB00AC98BB /* dfdfTests.xctest */,
				CAF6F0642A40C0EB00AC98BB /* dfdfUITests.xctest */,
			);
			name = Products;
			sourceTree = "<group>";
		};
		CAF6F0462A40C0EA00AC98BB /* dfdf */ = {
			isa = PBXGroup;
			children = (
				CAF6F0472A40C0EA00AC98BB /* AppDelegate.swift */,
				CAF6F0492A40C0EA00AC98BB /* SceneDelegate.swift */,
				CAF6F04B2A40C0EA00AC98BB /* ViewController.swift */,
				CAF6F04D2A40C0EA00AC98BB /* Main.storyboard */,
				CAF6F0502A40C0EB00AC98BB /* Assets.xcassets */,
				CAF6F0522A40C0EB00AC98BB /* LaunchScreen.storyboard */,
				CAF6F0552A40C0EB00AC98BB /* Info.plist */,
			);
			path = dfdf;
			sourceTree = "<group>";
		};
		CAF6F05D2A40C0EB00AC98BB /* dfdfTests */ = {
			isa = PBXGroup;
			children = (
				CAF6F05E2A40C0EB00AC98BB /* dfdfTests.swift */,
			);
			path = dfdfTests;
			sourceTree = "<group>";
		};
		CAF6F0672A40C0EB00AC98BB /* dfdfUITests */ = {
			isa = PBXGroup;
			children = (
				CAF6F0682A40C0EB00AC98BB /* dfdfUITests.swift */,
				CAF6F06A2A40C0EB00AC98BB /* dfdfUITestsLaunchTests.swift */,
			);
			path = dfdfUITests;
			sourceTree = "<group>";
		};
/* End PBXGroup section */

/* Begin PBXNativeTarget section */
		CAF6F0432A40C0EA00AC98BB /* dfdf */ = {
			isa = PBXNativeTarget;
			buildConfigurationList = CAF6F06E2A40C0EB00AC98BB /* Build configuration list for PBXNativeTarget "dfdf" */;
			buildPhases = (
				CAF6F0402A40C0EA00AC98BB /* Sources */,
				CAF6F0412A40C0EA00AC98BB /* Frameworks */,
				CAF6F0422A40C0EA00AC98BB /* Resources */,
			);
			buildRules = (
			);
			dependencies = (
			);
			name = dfdf;
			productName = dfdf;
			productReference = CAF6F0442A40C0EA00AC98BB /* dfdf.app */;
			productType = "com.apple.product-type.application";
		};
		CAF6F0592A40C0EB00AC98BB /* dfdfTests */ = {
			isa = PBXNativeTarget;
			buildConfigurationList = CAF6F0712A40C0EB00AC98BB /* Build configuration list for PBXNativeTarget "dfdfTests" */;
			buildPhases = (
				CAF6F0562A40C0EB00AC98BB /* Sources */,
				CAF6F0572A40C0EB00AC98BB /* Frameworks */,
				CAF6F0582A40C0EB00AC98BB /* Resources */,
			);
			buildRules = (
			);
			dependencies = (
				CAF6F05C2A40C0EB00AC98BB /* PBXTargetDependency */,
			);
			name = dfdfTests;
			productName = dfdfTests;
			productReference = CAF6F05A2A40C0EB00AC98BB /* dfdfTests.xctest */;
			productType = "com.apple.product-type.bundle.unit-test";
		};
		CAF6F0632A40C0EB00AC98BB /* dfdfUITests */ = {
			isa = PBXNativeTarget;
			buildConfigurationList = CAF6F0742A40C0EB00AC98BB /* Build configuration list for PBXNativeTarget "dfdfUITests" */;
			buildPhases = (
				CAF6F0602A40C0EB00AC98BB /* Sources */,
				CAF6F0612A40C0EB00AC98BB /* Frameworks */,
				CAF6F0622A40C0EB00AC98BB /* Resources */,
			);
			buildRules = (
			);
			dependencies = (
				CAF6F0662A40C0EB00AC98BB /* PBXTargetDependency */,
			);
			name = dfdfUITests;
			productName = dfdfUITests;
			productReference = CAF6F0642A40C0EB00AC98BB /* dfdfUITests.xctest */;
			productType = "com.apple.product-type.bundle.ui-testing";
		};
/* End PBXNativeTarget section */

/* Begin PBXProject section */
		CAF6F03C2A40C0EA00AC98BB /* Project object */ = {
			isa = PBXProject;
			attributes = {
				BuildIndependentTargetsInParallel = 1;
				LastSwiftUpdateCheck = 1430;
				LastUpgradeCheck = 1430;
				TargetAttributes = {
					CAF6F0432A40C0EA00AC98BB = {
						CreatedOnToolsVersion = 14.3.1;
					};
					CAF6F0592A40C0EB00AC98BB = {
						CreatedOnToolsVersion = 14.3.1;
						TestTargetID = CAF6F0432A40C0EA00AC98BB;
					};
					CAF6F0632A40C0EB00AC98BB = {
						CreatedOnToolsVersion = 14.3.1;
						TestTargetID = CAF6F0432A40C0EA00AC98BB;
					};
				};
			};
			buildConfigurationList = CAF6F03F2A40C0EA00AC98BB /* Build configuration list for PBXProject "dfdf" */;
			compatibilityVersion = "Xcode 14.0";
			developmentRegion = en;
			hasScannedForEncodings = 0;
			knownRegions = (
				en,
				Base,
			);
			mainGroup = CAF6F03B2A40C0EA00AC98BB;
			productRefGroup = CAF6F0452A40C0EA00AC98BB /* Products */;
			projectDirPath = "";
			projectRoot = "";
			targets = (
				CAF6F0432A40C0EA00AC98BB /* dfdf */,
				CAF6F0592A40C0EB00AC98BB /* dfdfTests */,
				CAF6F0632A40C0EB00AC98BB /* dfdfUITests */,
			);
		};
/* End PBXProject section */

/* Begin PBXResourcesBuildPhase section */
		CAF6F0422A40C0EA00AC98BB /* Resources */ = {
			isa = PBXResourcesBuildPhase;
			buildActionMask = 2147483647;
			files = (
				CAF6F0542A40C0EB00AC98BB /* LaunchScreen.storyboard in Resources */,
				CAF6F0512A40C0EB00AC98BB /* Assets.xcassets in Resources */,
				CAF6F04F2A40C0EA00AC98BB /* Main.storyboard in Resources */,
			);
			runOnlyForDeploymentPostprocessing = 0;
		};
		CAF6F0582A40C0EB00AC98BB /* Resources */ = {
			isa = PBXResourcesBuildPhase;
			buildActionMask = 2147483647;
			files = (
			);
			runOnlyForDeploymentPostprocessing = 0;
		};
		CAF6F0622A40C0EB00AC98BB /* Resources */ = {
			isa = PBXResourcesBuildPhase;
			buildActionMask = 2147483647;
			files = (
			);
			runOnlyForDeploymentPostprocessing = 0;
		};
/* End PBXResourcesBuildPhase section */

/* Begin PBXSourcesBuildPhase section */
		CAF6F0402A40C0EA00AC98BB /* Sources */ = {
			isa = PBXSourcesBuildPhase;
			buildActionMask = 2147483647;
			files = (
				CAF6F04C2A40C0EA00AC98BB /* ViewController.swift in Sources */,
				CAF6F0482A40C0EA00AC98BB /* AppDelegate.swift in Sources */,
				CAF6F04A2A40C0EA00AC98BB /* SceneDelegate.swift in Sources */,
			);
			runOnlyForDeploymentPostprocessing = 0;
		};
		CAF6F0562A40C0EB00AC98BB /* Sources */ = {
			isa = PBXSourcesBuildPhase;
			buildActionMask = 2147483647;
			files = (
				CAF6F05F2A40C0EB00AC98BB /* dfdfTests.swift in Sources */,
			);
			runOnlyForDeploymentPostprocessing = 0;
		};
		CAF6F0602A40C0EB00AC98BB /* Sources */ = {
			isa = PBXSourcesBuildPhase;
			buildActionMask = 2147483647;
			files = (
				CAF6F06B2A40C0EB00AC98BB /* dfdfUITestsLaunchTests.swift in Sources */,
				CAF6F0692A40C0EB00AC98BB /* dfdfUITests.swift in Sources */,
			);
			runOnlyForDeploymentPostprocessing = 0;
		};
/* End PBXSourcesBuildPhase section */

/* Begin PBXTargetDependency section */
		CAF6F05C2A40C0EB00AC98BB /* PBXTargetDependency */ = {
			isa = PBXTargetDependency;
			target = CAF6F0432A40C0EA00AC98BB /* dfdf */;
			targetProxy = CAF6F05B2A40C0EB00AC98BB /* PBXContainerItemProxy */;
		};
		CAF6F0662A40C0EB00AC98BB /* PBXTargetDependency */ = {
			isa = PBXTargetDependency;
			target = CAF6F0432A40C0EA00AC98BB /* dfdf */;
			targetProxy = CAF6F0652A40C0EB00AC98BB /* PBXContainerItemProxy */;
		};
/* End PBXTargetDependency section */

/* Begin PBXVariantGroup section */
		CAF6F04D2A40C0EA00AC98BB /* Main.storyboard */ = {
			isa = PBXVariantGroup;
			children = (
				CAF6F04E2A40C0EA00AC98BB /* Base */,
			);
			name = Main.storyboard;
			sourceTree = "<group>";
		};
		CAF6F0522A40C0EB00AC98BB /* LaunchScreen.storyboard */ = {
			isa = PBXVariantGroup;
			children = (
				CAF6F0532A40C0EB00AC98BB /* Base */,
			);
			name = LaunchScreen.storyboard;
			sourceTree = "<group>";
		};
/* End PBXVariantGroup section */

/* Begin XCBuildConfiguration section */
		CAF6F06C2A40C0EB00AC98BB /* Debug */ = {
			isa = XCBuildConfiguration;
			buildSettings = {
				ALWAYS_SEARCH_USER_PATHS = NO;
				CLANG_ANALYZER_NONNULL = YES;
				CLANG_ANALYZER_NUMBER_OBJECT_CONVERSION = YES_AGGRESSIVE;
				CLANG_CXX_LANGUAGE_STANDARD = "gnu++20";
				CLANG_ENABLE_MODULES = YES;
				CLANG_ENABLE_OBJC_ARC = YES;
				CLANG_ENABLE_OBJC_WEAK = YES;
				CLANG_WARN_BLOCK_CAPTURE_AUTORELEASING = YES;
				CLANG_WARN_BOOL_CONVERSION = YES;
				CLANG_WARN_COMMA = YES;
				CLANG_WARN_CONSTANT_CONVERSION = YES;
				CLANG_WARN_DEPRECATED_OBJC_IMPLEMENTATIONS = YES;
				CLANG_WARN_DIRECT_OBJC_ISA_USAGE = YES_ERROR;
				CLANG_WARN_DOCUMENTATION_COMMENTS = YES;
				CLANG_WARN_EMPTY_BODY = YES;
				CLANG_WARN_ENUM_CONVERSION = YES;
				CLANG_WARN_INFINITE_RECURSION = YES;
				CLANG_WARN_INT_CONVERSION = YES;
				CLANG_WARN_NON_LITERAL_NULL_CONVERSION = YES;
				CLANG_WARN_OBJC_IMPLICIT_RETAIN_SELF = YES;
				CLANG_WARN_OBJC_LITERAL_CONVERSION = YES;
				CLANG_WARN_OBJC_ROOT_CLASS = YES_ERROR;
				CLANG_WARN_QUOTED_INCLUDE_IN_FRAMEWORK_HEADER = YES;
				CLANG_WARN_RANGE_LOOP_ANALYSIS = YES;
				CLANG_WARN_STRICT_PROTOTYPES = YES;
				CLANG_WARN_SUSPICIOUS_MOVE = YES;
				CLANG_WARN_UNGUARDED_AVAILABILITY = YES_AGGRESSIVE;
				CLANG_WARN_UNREACHABLE_CODE = YES;
				CLANG_WARN__DUPLICATE_METHOD_MATCH = YES;
				COPY_PHASE_STRIP = NO;
				DEBUG_INFORMATION_FORMAT = dwarf;
				ENABLE_STRICT_OBJC_MSGSEND = YES;
				ENABLE_TESTABILITY = YES;
				GCC_C_LANGUAGE_STANDARD = gnu11;
				GCC_DYNAMIC_NO_PIC = NO;
				GCC_NO_COMMON_BLOCKS = YES;
				GCC_OPTIMIZATION_LEVEL = 0;
				GCC_PREPROCESSOR_DEFINITIONS = (
					"DEBUG=1",
					"$(inherited)",
				);
				GCC_WARN_64_TO_32_BIT_CONVERSION = YES;
				GCC_WARN_ABOUT_RETURN_TYPE = YES_ERROR;
				GCC_WARN_UNDECLARED_SELECTOR = YES;
				GCC_WARN_UNINITIALIZED_AUTOS = YES_AGGRESSIVE;
				GCC_WARN_UNUSED_FUNCTION = YES;
				GCC_WARN_UNUSED_VARIABLE = YES;
				IPHONEOS_DEPLOYMENT_TARGET = 16.4;
				MTL_ENABLE_DEBUG_INFO = INCLUDE_SOURCE;
				MTL_FAST_MATH = YES;
				ONLY_ACTIVE_ARCH = YES;
				SDKROOT = iphoneos;
				SWIFT_ACTIVE_COMPILATION_CONDITIONS = DEBUG;
				SWIFT_OPTIMIZATION_LEVEL = "-Onone";
			};
			name = Debug;
		};
		CAF6F06D2A40C0EB00AC98BB /* Release */ = {
			isa = XCBuildConfiguration;
			buildSettings = {
				ALWAYS_SEARCH_USER_PATHS = NO;
				CLANG_ANALYZER_NONNULL = YES;
				CLANG_ANALYZER_NUMBER_OBJECT_CONVERSION = YES_AGGRESSIVE;
				CLANG_CXX_LANGUAGE_STANDARD = "gnu++20";
				CLANG_ENABLE_MODULES = YES;
				CLANG_ENABLE_OBJC_ARC = YES;
				CLANG_ENABLE_OBJC_WEAK = YES;
				CLANG_WARN_BLOCK_CAPTURE_AUTORELEASING = YES;
				CLANG_WARN_BOOL_CONVERSION = YES;
				CLANG_WARN_COMMA = YES;
				CLANG_WARN_CONSTANT_CONVERSION = YES;
				CLANG_WARN_DEPRECATED_OBJC_IMPLEMENTATIONS = YES;
				CLANG_WARN_DIRECT_OBJC_ISA_USAGE = YES_ERROR;
				CLANG_WARN_DOCUMENTATION_COMMENTS = YES;
				CLANG_WARN_EMPTY_BODY = YES;
				CLANG_WARN_ENUM_CONVERSION = YES;
				CLANG_WARN_INFINITE_RECURSION = YES;
				CLANG_WARN_INT_CONVERSION = YES;
				CLANG_WARN_NON_LITERAL_NULL_CONVERSION = YES;
				CLANG_WARN_OBJC_IMPLICIT_RETAIN_SELF = YES;
				CLANG_WARN_OBJC_LITERAL_CONVERSION = YES;
				CLANG_WARN_OBJC_ROOT_CLASS = YES_ERROR;
				CLANG_WARN_QUOTED_INCLUDE_IN_FRAMEWORK_HEADER = YES;
				CLANG_WARN_RANGE_LOOP_ANALYSIS = YES;
				CLANG_WARN_STRICT_PROTOTYPES = YES;
				CLANG_WARN_SUSPICIOUS_MOVE = YES;
				CLANG_WARN_UNGUARDED_AVAILABILITY = YES_AGGRESSIVE;
				CLANG_WARN_UNREACHABLE_CODE = YES;
				CLANG_WARN__DUPLICATE_METHOD_MATCH = YES;
				COPY_PHASE_STRIP = NO;
				DEBUG_INFORMATION_FORMAT = "dwarf-with-dsym";
				ENABLE_NS_ASSERTIONS = NO;
				ENABLE_STRICT_OBJC_MSGSEND = YES;
				GCC_C_LANGUAGE_STANDARD = gnu11;
				GCC_NO_COMMON_BLOCKS = YES;
				GCC_WARN_64_TO_32_BIT_CONVERSION = YES;
				GCC_WARN_ABOUT_RETURN_TYPE = YES_ERROR;
				GCC_WARN_UNDECLARED_SELECTOR = YES;
				GCC_WARN_UNINITIALIZED_AUTOS = YES_AGGRESSIVE;
				GCC_WARN_UNUSED_FUNCTION = YES;
				GCC_WARN_UNUSED_VARIABLE = YES;
				IPHONEOS_DEPLOYMENT_TARGET = 16.4;
				MTL_ENABLE_DEBUG_INFO = NO;
				MTL_FAST_MATH = YES;
				SDKROOT = iphoneos;
				SWIFT_COMPILATION_MODE = wholemodule;
				SWIFT_OPTIMIZATION_LEVEL = "-O";
				VALIDATE_PRODUCT = YES;
			};
			name = Release;
		};
		CAF6F06F2A40C0EB00AC98BB /* Debug */ = {
			isa = XCBuildConfiguration;
			buildSettings = {
				ASSETCATALOG_COMPILER_APPICON_NAME = AppIcon;
				ASSETCATALOG_COMPILER_GLOBAL_ACCENT_COLOR_NAME = AccentColor;
				CODE_SIGN_STYLE = Automatic;
				CURRENT_PROJECT_VERSION = 1;
				DEVELOPMENT_TEAM = 8U7D8W8J2D;
				GENERATE_INFOPLIST_FILE = YES;
				INFOPLIST_FILE = dfdf/Info.plist;
				INFOPLIST_KEY_UIApplicationSupportsIndirectInputEvents = YES;
				INFOPLIST_KEY_UILaunchStoryboardName = LaunchScreen;
				INFOPLIST_KEY_UIMainStoryboardFile = Main;
				INFOPLIST_KEY_UISupportedInterfaceOrientations_iPad = "UIInterfaceOrientationPortrait UIInterfaceOrientationPortraitUpsideDown UIInterfaceOrientationLandscapeLeft UIInterfaceOrientationLandscapeRight";
				INFOPLIST_KEY_UISupportedInterfaceOrientations_iPhone = "UIInterfaceOrientationPortrait UIInterfaceOrientationLandscapeLeft UIInterfaceOrientationLandscapeRight";
				LD_RUNPATH_SEARCH_PATHS = (
					"$(inherited)",
					"@executable_path/Frameworks",
				);
				MARKETING_VERSION = 1.0;
				PRODUCT_BUNDLE_IDENTIFIER = com.alyonamax.dfdf;
				PRODUCT_NAME = "$(TARGET_NAME)";
				SWIFT_EMIT_LOC_STRINGS = YES;
				SWIFT_VERSION = 5.0;
				TARGETED_DEVICE_FAMILY = "1,2";
			};
			name = Debug;
		};
		CAF6F0702A40C0EB00AC98BB /* Release */ = {
			isa = XCBuildConfiguration;
			buildSettings = {
				ASSETCATALOG_COMPILER_APPICON_NAME = AppIcon;
				ASSETCATALOG_COMPILER_GLOBAL_ACCENT_COLOR_NAME = AccentColor;
				CODE_SIGN_STYLE = Automatic;
				CURRENT_PROJECT_VERSION = 1;
				DEVELOPMENT_TEAM = 8U7D8W8J2D;
				GENERATE_INFOPLIST_FILE = YES;
				INFOPLIST_FILE = dfdf/Info.plist;
				INFOPLIST_KEY_UIApplicationSupportsIndirectInputEvents = YES;
				INFOPLIST_KEY_UILaunchStoryboardName = LaunchScreen;
				INFOPLIST_KEY_UIMainStoryboardFile = Main;
				INFOPLIST_KEY_UISupportedInterfaceOrientations_iPad = "UIInterfaceOrientationPortrait UIInterfaceOrientationPortraitUpsideDown UIInterfaceOrientationLandscapeLeft UIInterfaceOrientationLandscapeRight";
				INFOPLIST_KEY_UISupportedInterfaceOrientations_iPhone = "UIInterfaceOrientationPortrait UIInterfaceOrientationLandscapeLeft UIInterfaceOrientationLandscapeRight";
				LD_RUNPATH_SEARCH_PATHS = (
					"$(inherited)",
					"@executable_path/Frameworks",
				);
				MARKETING_VERSION = 1.0;
				PRODUCT_BUNDLE_IDENTIFIER = com.alyonamax.dfdf;
				PRODUCT_NAME = "$(TARGET_NAME)";
				SWIFT_EMIT_LOC_STRINGS = YES;
				SWIFT_VERSION = 5.0;
				TARGETED_DEVICE_FAMILY = "1,2";
			};
			name = Release;
		};
		CAF6F0722A40C0EB00AC98BB /* Debug */ = {
			isa = XCBuildConfiguration;
			buildSettings = {
				ALWAYS_EMBED_SWIFT_STANDARD_LIBRARIES = YES;
				BUNDLE_LOADER = "$(TEST_HOST)";
				CODE_SIGN_STYLE = Automatic;
				CURRENT_PROJECT_VERSION = 1;
				DEVELOPMENT_TEAM = 8U7D8W8J2D;
				GENERATE_INFOPLIST_FILE = YES;
				IPHONEOS_DEPLOYMENT_TARGET = 16.4;
				MARKETING_VERSION = 1.0;
				PRODUCT_BUNDLE_IDENTIFIER = com.alyonamax.dfdfTests;
				PRODUCT_NAME = "$(TARGET_NAME)";
				SWIFT_EMIT_LOC_STRINGS = NO;
				SWIFT_VERSION = 5.0;
				TARGETED_DEVICE_FAMILY = "1,2";
				TEST_HOST = "$(BUILT_PRODUCTS_DIR)/dfdf.app/$(BUNDLE_EXECUTABLE_FOLDER_PATH)/dfdf";
			};
			name = Debug;
		};
		CAF6F0732A40C0EB00AC98BB /* Release */ = {
			isa = XCBuildConfiguration;
			buildSettings = {
				ALWAYS_EMBED_SWIFT_STANDARD_LIBRARIES = YES;
				BUNDLE_LOADER = "$(TEST_HOST)";
				CODE_SIGN_STYLE = Automatic;
				CURRENT_PROJECT_VERSION = 1;
				DEVELOPMENT_TEAM = 8U7D8W8J2D;
				GENERATE_INFOPLIST_FILE = YES;
				IPHONEOS_DEPLOYMENT_TARGET = 16.4;
				MARKETING_VERSION = 1.0;
				PRODUCT_BUNDLE_IDENTIFIER = com.alyonamax.dfdfTests;
				PRODUCT_NAME = "$(TARGET_NAME)";
				SWIFT_EMIT_LOC_STRINGS = NO;
				SWIFT_VERSION = 5.0;
				TARGETED_DEVICE_FAMILY = "1,2";
				TEST_HOST = "$(BUILT_PRODUCTS_DIR)/dfdf.app/$(BUNDLE_EXECUTABLE_FOLDER_PATH)/dfdf";
			};
			name = Release;
		};
		CAF6F0752A40C0EB00AC98BB /* Debug */ = {
			isa = XCBuildConfiguration;
			buildSettings = {
				ALWAYS_EMBED_SWIFT_STANDARD_LIBRARIES = YES;
				CODE_SIGN_STYLE = Automatic;
				CURRENT_PROJECT_VERSION = 1;
				DEVELOPMENT_TEAM = 8U7D8W8J2D;
				GENERATE_INFOPLIST_FILE = YES;
				MARKETING_VERSION = 1.0;
				PRODUCT_BUNDLE_IDENTIFIER = com.alyonamax.dfdfUITests;
				PRODUCT_NAME = "$(TARGET_NAME)";
				SWIFT_EMIT_LOC_STRINGS = NO;
				SWIFT_VERSION = 5.0;
				TARGETED_DEVICE_FAMILY = "1,2";
				TEST_TARGET_NAME = dfdf;
			};
			name = Debug;
		};
		CAF6F0762A40C0EB00AC98BB /* Release */ = {
			isa = XCBuildConfiguration;
			buildSettings = {
				ALWAYS_EMBED_SWIFT_STANDARD_LIBRARIES = YES;
				CODE_SIGN_STYLE = Automatic;
				CURRENT_PROJECT_VERSION = 1;
				DEVELOPMENT_TEAM = 8U7D8W8J2D;
				GENERATE_INFOPLIST_FILE = YES;
				MARKETING_VERSION = 1.0;
				PRODUCT_BUNDLE_IDENTIFIER = com.alyonamax.dfdfUITests;
				PRODUCT_NAME = "$(TARGET_NAME)";
				SWIFT_EMIT_LOC_STRINGS = NO;
				SWIFT_VERSION = 5.0;
				TARGETED_DEVICE_FAMILY = "1,2";
				TEST_TARGET_NAME = dfdf;
			};
			name = Release;
		};
/* End XCBuildConfiguration section */

/* Begin XCConfigurationList section */
		CAF6F03F2A40C0EA00AC98BB /* Build configuration list for PBXProject "dfdf" */ = {
			isa = XCConfigurationList;
			buildConfigurations = (
				CAF6F06C2A40C0EB00AC98BB /* Debug */,
				CAF6F06D2A40C0EB00AC98BB /* Release */,
			);
			defaultConfigurationIsVisible = 0;
			defaultConfigurationName = Release;
		};
		CAF6F06E2A40C0EB00AC98BB /* Build configuration list for PBXNativeTarget "dfdf" */ = {
			isa = XCConfigurationList;
			buildConfigurations = (
				CAF6F06F2A40C0EB00AC98BB /* Debug */,
				CAF6F0702A40C0EB00AC98BB /* Release */,
			);
			defaultConfigurationIsVisible = 0;
			defaultConfigurationName = Release;
		};
		CAF6F0712A40C0EB00AC98BB /* Build configuration list for PBXNativeTarget "dfdfTests" */ = {
			isa = XCConfigurationList;
			buildConfigurations = (
				CAF6F0722A40C0EB00AC98BB /* Debug */,
				CAF6F0732A40C0EB00AC98BB /* Release */,
			);
			defaultConfigurationIsVisible = 0;
			defaultConfigurationName = Release;
		};
		CAF6F0742A40C0EB00AC98BB /* Build configuration list for PBXNativeTarget "dfdfUITests" */ = {
			isa = XCConfigurationList;
			buildConfigurations = (
				CAF6F0752A40C0EB00AC98BB /* Debug */,
				CAF6F0762A40C0EB00AC98BB /* Release */,
			);
			defaultConfigurationIsVisible = 0;
			defaultConfigurationName = Release;
		};
/* End XCConfigurationList section */
	};
	rootObject = CAF6F03C2A40C0EA00AC98BB /* Project object */;
}
